
Microsoft Visual Studio Solution File, Format Version 12.00
# Visual Studio Version 16
VisualStudioVersion = 16.0.29025.244
MinimumVisualStudioVersion = 10.0.40219.1
Project("{FAE04EC0-301F-11D3-BF4B-00C04F79EFBC}") = "App", "src\App\App.csproj", "{CA2345C9-62E7-4660-94F0-88CBBC593B9E}"
EndProject
Project("{930C7802-8A8C-48F9-8165-68863BCCD9DD}") = "Installer", "src\Installer\Installer.wixproj", "{170D4D40-19A3-4A6E-883B-E6926248EC2F}"
EndProject
Project("{930C7802-8A8C-48F9-8165-68863BCCD9DD}") = "Bootstrapper", "src\Bootstrapper\Bootstrapper.wixproj", "{A8A8B550-273C-4058-B56B-063A55634EB0}"
EndProject
Project("{2150E333-8FDC-42A3-9474-1A3956D46DE8}") = "Solution Items", "Solution Items", "{E55BEA8C-51BB-45CC-9317-B1EE371C0BB5}"
	ProjectSection(SolutionItems) = preProject
		build.cake = build.cake
		Installer_Settings.wxi = Installer_Settings.wxi
	EndProjectSection
EndProject
Global
	GlobalSection(SolutionConfigurationPlatforms) = preSolution
		Debug|Any CPU = Debug|Any CPU
		Debug|x86 = Debug|x86
		Release|Any CPU = Release|Any CPU
		Release|x86 = Release|x86
	EndGlobalSection
	GlobalSection(ProjectConfigurationPlatforms) = postSolution
		{CA2345C9-62E7-4660-94F0-88CBBC593B9E}.Debug|Any CPU.ActiveCfg = Debug|Any CPU
		{CA2345C9-62E7-4660-94F0-88CBBC593B9E}.Debug|Any CPU.Build.0 = Debug|Any CPU
		{CA2345C9-62E7-4660-94F0-88CBBC593B9E}.Debug|x86.ActiveCfg = Debug|Any CPU
		{CA2345C9-62E7-4660-94F0-88CBBC593B9E}.Debug|x86.Build.0 = Debug|Any CPU
		{CA2345C9-62E7-4660-94F0-88CBBC593B9E}.Release|Any CPU.ActiveCfg = Release|Any CPU
		{CA2345C9-62E7-4660-94F0-88CBBC593B9E}.Release|Any CPU.Build.0 = Release|Any CPU
		{CA2345C9-62E7-4660-94F0-88CBBC593B9E}.Release|x86.ActiveCfg = Release|Any CPU
		{CA2345C9-62E7-4660-94F0-88CBBC593B9E}.Release|x86.Build.0 = Release|Any CPU
		{170D4D40-19A3-4A6E-883B-E6926248EC2F}.Debug|Any CPU.ActiveCfg = Debug|x86
		{170D4D40-19A3-4A6E-883B-E6926248EC2F}.Debug|x86.ActiveCfg = Debug|x86
		{170D4D40-19A3-4A6E-883B-E6926248EC2F}.Debug|x86.Build.0 = Debug|x86
		{170D4D40-19A3-4A6E-883B-E6926248EC2F}.Release|Any CPU.ActiveCfg = Release|x86
		{170D4D40-19A3-4A6E-883B-E6926248EC2F}.Release|x86.ActiveCfg = Release|x86
		{170D4D40-19A3-4A6E-883B-E6926248EC2F}.Release|x86.Build.0 = Release|x86
		{A8A8B550-273C-4058-B56B-063A55634EB0}.Debug|Any CPU.ActiveCfg = Debug|x86
		{A8A8B550-273C-4058-B56B-063A55634EB0}.Debug|x86.ActiveCfg = Debug|x86
		{A8A8B550-273C-4058-B56B-063A55634EB0}.Debug|x86.Build.0 = Debug|x86
		{A8A8B550-273C-4058-B56B-063A55634EB0}.Release|Any CPU.ActiveCfg = Release|x86
		{A8A8B550-273C-4058-B56B-063A55634EB0}.Release|x86.ActiveCfg = Release|x86
		{A8A8B550-273C-4058-B56B-063A55634EB0}.Release|x86.Build.0 = Release|x86
	EndGlobalSection
	GlobalSection(SolutionProperties) = preSolution
		HideSolutionNode = FALSE
	EndGlobalSection
	GlobalSection(ExtensibilityGlobals) = postSolution
		RESX_NeutralResourcesLanguage = en-US
		SolutionGuid = {CF1064CF-3B4D-47D4-AB2B-CD867541A932}
		RESX_AutoCreateNewLanguageFiles = False
	EndGlobalSection
EndGlobal
